
Microsoft Visual Studio Solution File, Format Version 12.00
# Visual Studio Version 17
VisualStudioVersion = 17.2.32616.157
MinimumVisualStudioVersion = 10.0.40219.1
Project("{FAE04EC0-301F-11D3-BF4B-00C04F79EFBC}") = "CMSByTeamJava", "CMSByTeamJava.csproj", "{D91C4FFD-1077-48C3-9292-3A73D4986B9D}"
EndProject
Global
	GlobalSection(SolutionConfigurationPlatforms) = preSolution
		Debug|Any CPU = Debug|Any CPU
		Release|Any CPU = Release|Any CPU
	EndGlobalSection
	GlobalSection(ProjectConfigurationPlatforms) = postSolution
		{D91C4FFD-1077-48C3-9292-3A73D4986B9D}.Debug|Any CPU.ActiveCfg = Debug|Any CPU
		{D91C4FFD-1077-48C3-9292-3A73D4986B9D}.Debug|Any CPU.Build.0 = Debug|Any CPU
		{D91C4FFD-1077-48C3-9292-3A73D4986B9D}.Release|Any CPU.ActiveCfg = Release|Any CPU
		{D91C4FFD-1077-48C3-9292-3A73D4986B9D}.Release|Any CPU.Build.0 = Release|Any CPU
	EndGlobalSection
	GlobalSection(SolutionProperties) = preSolution
		HideSolutionNode = FALSE
	EndGlobalSection
	GlobalSection(ExtensibilityGlobals) = postSolution
		SolutionGuid = {FBC26D26-1DFA-4B14-A43B-9AB5A57B9970}
	EndGlobalSection
EndGlobal
